// !$*UTF8*$!
{
	archiveVersion = 1;
	classes = {
	};
	objectVersion = 56;
	objects = {

/* Begin PBXBuildFile section */
		AA22F43A2AE985D600587F46 /* URL+Extension.swift in Sources */ = {isa = PBXBuildFile; fileRef = AA22F4392AE985D600587F46 /* URL+Extension.swift */; };
		AAD8BB012AE944F7008FE3D7 /* PlacesApp.swift in Sources */ = {isa = PBXBuildFile; fileRef = AAD8BB002AE944F7008FE3D7 /* PlacesApp.swift */; };
		AAD8BB032AE944F7008FE3D7 /* LocationView.swift in Sources */ = {isa = PBXBuildFile; fileRef = AAD8BB022AE944F7008FE3D7 /* LocationView.swift */; };
		AAD8BB052AE944FA008FE3D7 /* Assets.xcassets in Resources */ = {isa = PBXBuildFile; fileRef = AAD8BB042AE944FA008FE3D7 /* Assets.xcassets */; };
		AAD8BB082AE944FA008FE3D7 /* Preview Assets.xcassets in Resources */ = {isa = PBXBuildFile; fileRef = AAD8BB072AE944FA008FE3D7 /* Preview Assets.xcassets */; };
		AAD8BB122AE944FA008FE3D7 /* PlacesTests.swift in Sources */ = {isa = PBXBuildFile; fileRef = AAD8BB112AE944FA008FE3D7 /* PlacesTests.swift */; };
		AAD8BB1C2AE944FA008FE3D7 /* PlacesUITests.swift in Sources */ = {isa = PBXBuildFile; fileRef = AAD8BB1B2AE944FA008FE3D7 /* PlacesUITests.swift */; };
		AAD8BB1E2AE944FA008FE3D7 /* PlacesUITestsLaunchTests.swift in Sources */ = {isa = PBXBuildFile; fileRef = AAD8BB1D2AE944FA008FE3D7 /* PlacesUITestsLaunchTests.swift */; };
		AAD8BB2C2AE94727008FE3D7 /* LocationService.swift in Sources */ = {isa = PBXBuildFile; fileRef = AAD8BB2B2AE94727008FE3D7 /* LocationService.swift */; };
		AAD8BB2F2AE9484F008FE3D7 /* LocationViewModel.swift in Sources */ = {isa = PBXBuildFile; fileRef = AAD8BB2E2AE9484F008FE3D7 /* LocationViewModel.swift */; };
		AAD8BB312AE95285008FE3D7 /* LocationModel.swift in Sources */ = {isa = PBXBuildFile; fileRef = AAD8BB302AE95285008FE3D7 /* LocationModel.swift */; };
/* End PBXBuildFile section */

/* Begin PBXContainerItemProxy section */
		AAD8BB0E2AE944FA008FE3D7 /* PBXContainerItemProxy */ = {
			isa = PBXContainerItemProxy;
			containerPortal = AAD8BAF52AE944F7008FE3D7 /* Project object */;
			proxyType = 1;
			remoteGlobalIDString = AAD8BAFC2AE944F7008FE3D7;
			remoteInfo = Places;
		};
		AAD8BB182AE944FA008FE3D7 /* PBXContainerItemProxy */ = {
			isa = PBXContainerItemProxy;
			containerPortal = AAD8BAF52AE944F7008FE3D7 /* Project object */;
			proxyType = 1;
			remoteGlobalIDString = AAD8BAFC2AE944F7008FE3D7;
			remoteInfo = Places;
		};
/* End PBXContainerItemProxy section */

/* Begin PBXFileReference section */
		AA22F4392AE985D600587F46 /* URL+Extension.swift */ = {isa = PBXFileReference; lastKnownFileType = sourcecode.swift; path = "URL+Extension.swift"; sourceTree = "<group>"; };
		AAD8BAFD2AE944F7008FE3D7 /* Places.app */ = {isa = PBXFileReference; explicitFileType = wrapper.application; includeInIndex = 0; path = Places.app; sourceTree = BUILT_PRODUCTS_DIR; };
		AAD8BB002AE944F7008FE3D7 /* PlacesApp.swift */ = {isa = PBXFileReference; lastKnownFileType = sourcecode.swift; path = PlacesApp.swift; sourceTree = "<group>"; };
		AAD8BB022AE944F7008FE3D7 /* LocationView.swift */ = {isa = PBXFileReference; lastKnownFileType = sourcecode.swift; path = LocationView.swift; sourceTree = "<group>"; };
		AAD8BB042AE944FA008FE3D7 /* Assets.xcassets */ = {isa = PBXFileReference; lastKnownFileType = folder.assetcatalog; path = Assets.xcassets; sourceTree = "<group>"; };
		AAD8BB072AE944FA008FE3D7 /* Preview Assets.xcassets */ = {isa = PBXFileReference; lastKnownFileType = folder.assetcatalog; path = "Preview Assets.xcassets"; sourceTree = "<group>"; };
		AAD8BB0D2AE944FA008FE3D7 /* PlacesTests.xctest */ = {isa = PBXFileReference; explicitFileType = wrapper.cfbundle; includeInIndex = 0; path = PlacesTests.xctest; sourceTree = BUILT_PRODUCTS_DIR; };
		AAD8BB112AE944FA008FE3D7 /* PlacesTests.swift */ = {isa = PBXFileReference; lastKnownFileType = sourcecode.swift; path = PlacesTests.swift; sourceTree = "<group>"; };
		AAD8BB172AE944FA008FE3D7 /* PlacesUITests.xctest */ = {isa = PBXFileReference; explicitFileType = wrapper.cfbundle; includeInIndex = 0; path = PlacesUITests.xctest; sourceTree = BUILT_PRODUCTS_DIR; };
		AAD8BB1B2AE944FA008FE3D7 /* PlacesUITests.swift */ = {isa = PBXFileReference; lastKnownFileType = sourcecode.swift; path = PlacesUITests.swift; sourceTree = "<group>"; };
		AAD8BB1D2AE944FA008FE3D7 /* PlacesUITestsLaunchTests.swift */ = {isa = PBXFileReference; lastKnownFileType = sourcecode.swift; path = PlacesUITestsLaunchTests.swift; sourceTree = "<group>"; };
		AAD8BB2B2AE94727008FE3D7 /* LocationService.swift */ = {isa = PBXFileReference; lastKnownFileType = sourcecode.swift; path = LocationService.swift; sourceTree = "<group>"; };
		AAD8BB2E2AE9484F008FE3D7 /* LocationViewModel.swift */ = {isa = PBXFileReference; lastKnownFileType = sourcecode.swift; path = LocationViewModel.swift; sourceTree = "<group>"; };
		AAD8BB302AE95285008FE3D7 /* LocationModel.swift */ = {isa = PBXFileReference; lastKnownFileType = sourcecode.swift; path = LocationModel.swift; sourceTree = "<group>"; };
/* End PBXFileReference section */

/* Begin PBXFrameworksBuildPhase section */
		AAD8BAFA2AE944F7008FE3D7 /* Frameworks */ = {
			isa = PBXFrameworksBuildPhase;
			buildActionMask = 2147483647;
			files = (
			);
			runOnlyForDeploymentPostprocessing = 0;
		};
		AAD8BB0A2AE944FA008FE3D7 /* Frameworks */ = {
			isa = PBXFrameworksBuildPhase;
			buildActionMask = 2147483647;
			files = (
			);
			runOnlyForDeploymentPostprocessing = 0;
		};
		AAD8BB142AE944FA008FE3D7 /* Frameworks */ = {
			isa = PBXFrameworksBuildPhase;
			buildActionMask = 2147483647;
			files = (
			);
			runOnlyForDeploymentPostprocessing = 0;
		};
/* End PBXFrameworksBuildPhase section */

/* Begin PBXGroup section */
		AA22F4382AE985BD00587F46 /* Extensions */ = {
			isa = PBXGroup;
			children = (
				AA22F4392AE985D600587F46 /* URL+Extension.swift */,
			);
			path = Extensions;
			sourceTree = "<group>";
		};
		AAD8BAF42AE944F7008FE3D7 = {
			isa = PBXGroup;
			children = (
				AAD8BAFF2AE944F7008FE3D7 /* Places */,
				AAD8BB102AE944FA008FE3D7 /* PlacesTests */,
				AAD8BB1A2AE944FA008FE3D7 /* PlacesUITests */,
				AAD8BAFE2AE944F7008FE3D7 /* Products */,
			);
			sourceTree = "<group>";
		};
		AAD8BAFE2AE944F7008FE3D7 /* Products */ = {
			isa = PBXGroup;
			children = (
				AAD8BAFD2AE944F7008FE3D7 /* Places.app */,
				AAD8BB0D2AE944FA008FE3D7 /* PlacesTests.xctest */,
				AAD8BB172AE944FA008FE3D7 /* PlacesUITests.xctest */,
			);
			name = Products;
			sourceTree = "<group>";
		};
		AAD8BAFF2AE944F7008FE3D7 /* Places */ = {
			isa = PBXGroup;
			children = (
				AAD8BB2A2AE946F2008FE3D7 /* Location */,
				AA22F4382AE985BD00587F46 /* Extensions */,
				AAD8BB322AE952B1008FE3D7 /* Services */,
				AAD8BB002AE944F7008FE3D7 /* PlacesApp.swift */,
				AAD8BB042AE944FA008FE3D7 /* Assets.xcassets */,
				AAD8BB062AE944FA008FE3D7 /* Preview Content */,
			);
			path = Places;
			sourceTree = "<group>";
		};
		AAD8BB062AE944FA008FE3D7 /* Preview Content */ = {
			isa = PBXGroup;
			children = (
				AAD8BB072AE944FA008FE3D7 /* Preview Assets.xcassets */,
			);
			path = "Preview Content";
			sourceTree = "<group>";
		};
		AAD8BB102AE944FA008FE3D7 /* PlacesTests */ = {
			isa = PBXGroup;
			children = (
				AAD8BB112AE944FA008FE3D7 /* PlacesTests.swift */,
			);
			path = PlacesTests;
			sourceTree = "<group>";
		};
		AAD8BB1A2AE944FA008FE3D7 /* PlacesUITests */ = {
			isa = PBXGroup;
			children = (
				AAD8BB1B2AE944FA008FE3D7 /* PlacesUITests.swift */,
				AAD8BB1D2AE944FA008FE3D7 /* PlacesUITestsLaunchTests.swift */,
			);
			path = PlacesUITests;
			sourceTree = "<group>";
		};
		AAD8BB2A2AE946F2008FE3D7 /* Location */ = {
			isa = PBXGroup;
			children = (
				AAD8BB302AE95285008FE3D7 /* LocationModel.swift */,
				AAD8BB022AE944F7008FE3D7 /* LocationView.swift */,
				AAD8BB2E2AE9484F008FE3D7 /* LocationViewModel.swift */,
			);
			path = Location;
			sourceTree = "<group>";
		};
		AAD8BB322AE952B1008FE3D7 /* Services */ = {
			isa = PBXGroup;
			children = (
				AAD8BB332AE952B8008FE3D7 /* Location */,
			);
			path = Services;
			sourceTree = "<group>";
		};
		AAD8BB332AE952B8008FE3D7 /* Location */ = {
			isa = PBXGroup;
			children = (
				AAD8BB2B2AE94727008FE3D7 /* LocationService.swift */,
			);
			path = Location;
			sourceTree = "<group>";
		};
/* End PBXGroup section */

/* Begin PBXNativeTarget section */
		AAD8BAFC2AE944F7008FE3D7 /* Places */ = {
			isa = PBXNativeTarget;
			buildConfigurationList = AAD8BB212AE944FA008FE3D7 /* Build configuration list for PBXNativeTarget "Places" */;
			buildPhases = (
				AAD8BAF92AE944F7008FE3D7 /* Sources */,
				AAD8BAFA2AE944F7008FE3D7 /* Frameworks */,
				AAD8BAFB2AE944F7008FE3D7 /* Resources */,
			);
			buildRules = (
			);
			dependencies = (
			);
			name = Places;
			productName = Places;
			productReference = AAD8BAFD2AE944F7008FE3D7 /* Places.app */;
			productType = "com.apple.product-type.application";
		};
		AAD8BB0C2AE944FA008FE3D7 /* PlacesTests */ = {
			isa = PBXNativeTarget;
			buildConfigurationList = AAD8BB242AE944FA008FE3D7 /* Build configuration list for PBXNativeTarget "PlacesTests" */;
			buildPhases = (
				AAD8BB092AE944FA008FE3D7 /* Sources */,
				AAD8BB0A2AE944FA008FE3D7 /* Frameworks */,
				AAD8BB0B2AE944FA008FE3D7 /* Resources */,
			);
			buildRules = (
			);
			dependencies = (
				AAD8BB0F2AE944FA008FE3D7 /* PBXTargetDependency */,
			);
			name = PlacesTests;
			productName = PlacesTests;
			productReference = AAD8BB0D2AE944FA008FE3D7 /* PlacesTests.xctest */;
			productType = "com.apple.product-type.bundle.unit-test";
		};
		AAD8BB162AE944FA008FE3D7 /* PlacesUITests */ = {
			isa = PBXNativeTarget;
			buildConfigurationList = AAD8BB272AE944FA008FE3D7 /* Build configuration list for PBXNativeTarget "PlacesUITests" */;
			buildPhases = (
				AAD8BB132AE944FA008FE3D7 /* Sources */,
				AAD8BB142AE944FA008FE3D7 /* Frameworks */,
				AAD8BB152AE944FA008FE3D7 /* Resources */,
			);
			buildRules = (
			);
			dependencies = (
				AAD8BB192AE944FA008FE3D7 /* PBXTargetDependency */,
			);
			name = PlacesUITests;
			productName = PlacesUITests;
			productReference = AAD8BB172AE944FA008FE3D7 /* PlacesUITests.xctest */;
			productType = "com.apple.product-type.bundle.ui-testing";
		};
/* End PBXNativeTarget section */

/* Begin PBXProject section */
		AAD8BAF52AE944F7008FE3D7 /* Project object */ = {
			isa = PBXProject;
			attributes = {
				BuildIndependentTargetsInParallel = 1;
				LastSwiftUpdateCheck = 1500;
				LastUpgradeCheck = 1500;
				TargetAttributes = {
					AAD8BAFC2AE944F7008FE3D7 = {
						CreatedOnToolsVersion = 15.0.1;
					};
					AAD8BB0C2AE944FA008FE3D7 = {
						CreatedOnToolsVersion = 15.0.1;
						TestTargetID = AAD8BAFC2AE944F7008FE3D7;
					};
					AAD8BB162AE944FA008FE3D7 = {
						CreatedOnToolsVersion = 15.0.1;
						TestTargetID = AAD8BAFC2AE944F7008FE3D7;
					};
				};
			};
			buildConfigurationList = AAD8BAF82AE944F7008FE3D7 /* Build configuration list for PBXProject "Places" */;
			compatibilityVersion = "Xcode 14.0";
			developmentRegion = en;
			hasScannedForEncodings = 0;
			knownRegions = (
				en,
				Base,
			);
			mainGroup = AAD8BAF42AE944F7008FE3D7;
			productRefGroup = AAD8BAFE2AE944F7008FE3D7 /* Products */;
			projectDirPath = "";
			projectRoot = "";
			targets = (
				AAD8BAFC2AE944F7008FE3D7 /* Places */,
				AAD8BB0C2AE944FA008FE3D7 /* PlacesTests */,
				AAD8BB162AE944FA008FE3D7 /* PlacesUITests */,
			);
		};
/* End PBXProject section */

/* Begin PBXResourcesBuildPhase section */
		AAD8BAFB2AE944F7008FE3D7 /* Resources */ = {
			isa = PBXResourcesBuildPhase;
			buildActionMask = 2147483647;
			files = (
				AAD8BB082AE944FA008FE3D7 /* Preview Assets.xcassets in Resources */,
				AAD8BB052AE944FA008FE3D7 /* Assets.xcassets in Resources */,
			);
			runOnlyForDeploymentPostprocessing = 0;
		};
		AAD8BB0B2AE944FA008FE3D7 /* Resources */ = {
			isa = PBXResourcesBuildPhase;
			buildActionMask = 2147483647;
			files = (
			);
			runOnlyForDeploymentPostprocessing = 0;
		};
		AAD8BB152AE944FA008FE3D7 /* Resources */ = {
			isa = PBXResourcesBuildPhase;
			buildActionMask = 2147483647;
			files = (
			);
			runOnlyForDeploymentPostprocessing = 0;
		};
/* End PBXResourcesBuildPhase section */

/* Begin PBXSourcesBuildPhase section */
		AAD8BAF92AE944F7008FE3D7 /* Sources */ = {
			isa = PBXSourcesBuildPhase;
			buildActionMask = 2147483647;
			files = (
				AAD8BB032AE944F7008FE3D7 /* LocationView.swift in Sources */,
				AAD8BB2C2AE94727008FE3D7 /* LocationService.swift in Sources */,
				AAD8BB012AE944F7008FE3D7 /* PlacesApp.swift in Sources */,
				AAD8BB312AE95285008FE3D7 /* LocationModel.swift in Sources */,
				AAD8BB2F2AE9484F008FE3D7 /* LocationViewModel.swift in Sources */,
				AA22F43A2AE985D600587F46 /* URL+Extension.swift in Sources */,
			);
			runOnlyForDeploymentPostprocessing = 0;
		};
		AAD8BB092AE944FA008FE3D7 /* Sources */ = {
			isa = PBXSourcesBuildPhase;
			buildActionMask = 2147483647;
			files = (
				AAD8BB122AE944FA008FE3D7 /* PlacesTests.swift in Sources */,
			);
			runOnlyForDeploymentPostprocessing = 0;
		};
		AAD8BB132AE944FA008FE3D7 /* Sources */ = {
			isa = PBXSourcesBuildPhase;
			buildActionMask = 2147483647;
			files = (
				AAD8BB1E2AE944FA008FE3D7 /* PlacesUITestsLaunchTests.swift in Sources */,
				AAD8BB1C2AE944FA008FE3D7 /* PlacesUITests.swift in Sources */,
			);
			runOnlyForDeploymentPostprocessing = 0;
		};
/* End PBXSourcesBuildPhase section */

/* Begin PBXTargetDependency section */
		AAD8BB0F2AE944FA008FE3D7 /* PBXTargetDependency */ = {
			isa = PBXTargetDependency;
			target = AAD8BAFC2AE944F7008FE3D7 /* Places */;
			targetProxy = AAD8BB0E2AE944FA008FE3D7 /* PBXContainerItemProxy */;
		};
		AAD8BB192AE944FA008FE3D7 /* PBXTargetDependency */ = {
			isa = PBXTargetDependency;
			target = AAD8BAFC2AE944F7008FE3D7 /* Places */;
			targetProxy = AAD8BB182AE944FA008FE3D7 /* PBXContainerItemProxy */;
		};
/* End PBXTargetDependency section */

/* Begin XCBuildConfiguration section */
		AAD8BB1F2AE944FA008FE3D7 /* Debug */ = {
			isa = XCBuildConfiguration;
			buildSettings = {
				ALWAYS_SEARCH_USER_PATHS = NO;
				ASSETCATALOG_COMPILER_GENERATE_SWIFT_ASSET_SYMBOL_EXTENSIONS = YES;
				CLANG_ANALYZER_NONNULL = YES;
				CLANG_ANALYZER_NUMBER_OBJECT_CONVERSION = YES_AGGRESSIVE;
				CLANG_CXX_LANGUAGE_STANDARD = "gnu++20";
				CLANG_ENABLE_MODULES = YES;
				CLANG_ENABLE_OBJC_ARC = YES;
				CLANG_ENABLE_OBJC_WEAK = YES;
				CLANG_WARN_BLOCK_CAPTURE_AUTORELEASING = YES;
				CLANG_WARN_BOOL_CONVERSION = YES;
				CLANG_WARN_COMMA = YES;
				CLANG_WARN_CONSTANT_CONVERSION = YES;
				CLANG_WARN_DEPRECATED_OBJC_IMPLEMENTATIONS = YES;
				CLANG_WARN_DIRECT_OBJC_ISA_USAGE = YES_ERROR;
				CLANG_WARN_DOCUMENTATION_COMMENTS = YES;
				CLANG_WARN_EMPTY_BODY = YES;
				CLANG_WARN_ENUM_CONVERSION = YES;
				CLANG_WARN_INFINITE_RECURSION = YES;
				CLANG_WARN_INT_CONVERSION = YES;
				CLANG_WARN_NON_LITERAL_NULL_CONVERSION = YES;
				CLANG_WARN_OBJC_IMPLICIT_RETAIN_SELF = YES;
				CLANG_WARN_OBJC_LITERAL_CONVERSION = YES;
				CLANG_WARN_OBJC_ROOT_CLASS = YES_ERROR;
				CLANG_WARN_QUOTED_INCLUDE_IN_FRAMEWORK_HEADER = YES;
				CLANG_WARN_RANGE_LOOP_ANALYSIS = YES;
				CLANG_WARN_STRICT_PROTOTYPES = YES;
				CLANG_WARN_SUSPICIOUS_MOVE = YES;
				CLANG_WARN_UNGUARDED_AVAILABILITY = YES_AGGRESSIVE;
				CLANG_WARN_UNREACHABLE_CODE = YES;
				CLANG_WARN__DUPLICATE_METHOD_MATCH = YES;
				COPY_PHASE_STRIP = NO;
				DEBUG_INFORMATION_FORMAT = dwarf;
				ENABLE_STRICT_OBJC_MSGSEND = YES;
				ENABLE_TESTABILITY = YES;
				ENABLE_USER_SCRIPT_SANDBOXING = YES;
				GCC_C_LANGUAGE_STANDARD = gnu17;
				GCC_DYNAMIC_NO_PIC = NO;
				GCC_NO_COMMON_BLOCKS = YES;
				GCC_OPTIMIZATION_LEVEL = 0;
				GCC_PREPROCESSOR_DEFINITIONS = (
					"DEBUG=1",
					"$(inherited)",
				);
				GCC_WARN_64_TO_32_BIT_CONVERSION = YES;
				GCC_WARN_ABOUT_RETURN_TYPE = YES_ERROR;
				GCC_WARN_UNDECLARED_SELECTOR = YES;
				GCC_WARN_UNINITIALIZED_AUTOS = YES_AGGRESSIVE;
				GCC_WARN_UNUSED_FUNCTION = YES;
				GCC_WARN_UNUSED_VARIABLE = YES;
				IPHONEOS_DEPLOYMENT_TARGET = 17.0;
				LOCALIZATION_PREFERS_STRING_CATALOGS = YES;
				MTL_ENABLE_DEBUG_INFO = INCLUDE_SOURCE;
				MTL_FAST_MATH = YES;
				ONLY_ACTIVE_ARCH = YES;
				SDKROOT = iphoneos;
				SWIFT_ACTIVE_COMPILATION_CONDITIONS = "DEBUG $(inherited)";
				SWIFT_OPTIMIZATION_LEVEL = "-Onone";
			};
			name = Debug;
		};
		AAD8BB202AE944FA008FE3D7 /* Release */ = {
			isa = XCBuildConfiguration;
			buildSettings = {
				ALWAYS_SEARCH_USER_PATHS = NO;
				ASSETCATALOG_COMPILER_GENERATE_SWIFT_ASSET_SYMBOL_EXTENSIONS = YES;
				CLANG_ANALYZER_NONNULL = YES;
				CLANG_ANALYZER_NUMBER_OBJECT_CONVERSION = YES_AGGRESSIVE;
				CLANG_CXX_LANGUAGE_STANDARD = "gnu++20";
				CLANG_ENABLE_MODULES = YES;
				CLANG_ENABLE_OBJC_ARC = YES;
				CLANG_ENABLE_OBJC_WEAK = YES;
				CLANG_WARN_BLOCK_CAPTURE_AUTORELEASING = YES;
				CLANG_WARN_BOOL_CONVERSION = YES;
				CLANG_WARN_COMMA = YES;
				CLANG_WARN_CONSTANT_CONVERSION = YES;
				CLANG_WARN_DEPRECATED_OBJC_IMPLEMENTATIONS = YES;
				CLANG_WARN_DIRECT_OBJC_ISA_USAGE = YES_ERROR;
				CLANG_WARN_DOCUMENTATION_COMMENTS = YES;
				CLANG_WARN_EMPTY_BODY = YES;
				CLANG_WARN_ENUM_CONVERSION = YES;
				CLANG_WARN_INFINITE_RECURSION = YES;
				CLANG_WARN_INT_CONVERSION = YES;
				CLANG_WARN_NON_LITERAL_NULL_CONVERSION = YES;
				CLANG_WARN_OBJC_IMPLICIT_RETAIN_SELF = YES;
				CLANG_WARN_OBJC_LITERAL_CONVERSION = YES;
				CLANG_WARN_OBJC_ROOT_CLASS = YES_ERROR;
				CLANG_WARN_QUOTED_INCLUDE_IN_FRAMEWORK_HEADER = YES;
				CLANG_WARN_RANGE_LOOP_ANALYSIS = YES;
				CLANG_WARN_STRICT_PROTOTYPES = YES;
				CLANG_WARN_SUSPICIOUS_MOVE = YES;
				CLANG_WARN_UNGUARDED_AVAILABILITY = YES_AGGRESSIVE;
				CLANG_WARN_UNREACHABLE_CODE = YES;
				CLANG_WARN__DUPLICATE_METHOD_MATCH = YES;
				COPY_PHASE_STRIP = NO;
				DEBUG_INFORMATION_FORMAT = "dwarf-with-dsym";
				ENABLE_NS_ASSERTIONS = NO;
				ENABLE_STRICT_OBJC_MSGSEND = YES;
				ENABLE_USER_SCRIPT_SANDBOXING = YES;
				GCC_C_LANGUAGE_STANDARD = gnu17;
				GCC_NO_COMMON_BLOCKS = YES;
				GCC_WARN_64_TO_32_BIT_CONVERSION = YES;
				GCC_WARN_ABOUT_RETURN_TYPE = YES_ERROR;
				GCC_WARN_UNDECLARED_SELECTOR = YES;
				GCC_WARN_UNINITIALIZED_AUTOS = YES_AGGRESSIVE;
				GCC_WARN_UNUSED_FUNCTION = YES;
				GCC_WARN_UNUSED_VARIABLE = YES;
				IPHONEOS_DEPLOYMENT_TARGET = 17.0;
				LOCALIZATION_PREFERS_STRING_CATALOGS = YES;
				MTL_ENABLE_DEBUG_INFO = NO;
				MTL_FAST_MATH = YES;
				SDKROOT = iphoneos;
				SWIFT_COMPILATION_MODE = wholemodule;
				VALIDATE_PRODUCT = YES;
			};
			name = Release;
		};
		AAD8BB222AE944FA008FE3D7 /* Debug */ = {
			isa = XCBuildConfiguration;
			buildSettings = {
				ASSETCATALOG_COMPILER_APPICON_NAME = AppIcon;
				ASSETCATALOG_COMPILER_GLOBAL_ACCENT_COLOR_NAME = AccentColor;
				CODE_SIGN_STYLE = Automatic;
				CURRENT_PROJECT_VERSION = 1;
				DEVELOPMENT_ASSET_PATHS = "\"Places/Preview Content\"";
				DEVELOPMENT_TEAM = 6M7C6U48HK;
				ENABLE_PREVIEWS = YES;
				GENERATE_INFOPLIST_FILE = YES;
				INFOPLIST_KEY_UIApplicationSceneManifest_Generation = YES;
				INFOPLIST_KEY_UIApplicationSupportsIndirectInputEvents = YES;
				INFOPLIST_KEY_UILaunchScreen_Generation = YES;
				INFOPLIST_KEY_UISupportedInterfaceOrientations_iPad = "UIInterfaceOrientationPortrait UIInterfaceOrientationPortraitUpsideDown UIInterfaceOrientationLandscapeLeft UIInterfaceOrientationLandscapeRight";
				INFOPLIST_KEY_UISupportedInterfaceOrientations_iPhone = "UIInterfaceOrientationPortrait UIInterfaceOrientationLandscapeLeft UIInterfaceOrientationLandscapeRight";
				LD_RUNPATH_SEARCH_PATHS = (
					"$(inherited)",
					"@executable_path/Frameworks",
				);
				MARKETING_VERSION = 1.0;
				PRODUCT_BUNDLE_IDENTIFIER = io.didevanberkel.Places;
				PRODUCT_NAME = "$(TARGET_NAME)";
				SWIFT_EMIT_LOC_STRINGS = YES;
				SWIFT_VERSION = 5.0;
				TARGETED_DEVICE_FAMILY = "1,2";
			};
			name = Debug;
		};
		AAD8BB232AE944FA008FE3D7 /* Release */ = {
			isa = XCBuildConfiguration;
			buildSettings = {
				ASSETCATALOG_COMPILER_APPICON_NAME = AppIcon;
				ASSETCATALOG_COMPILER_GLOBAL_ACCENT_COLOR_NAME = AccentColor;
				CODE_SIGN_STYLE = Automatic;
				CURRENT_PROJECT_VERSION = 1;
				DEVELOPMENT_ASSET_PATHS = "\"Places/Preview Content\"";
				DEVELOPMENT_TEAM = 6M7C6U48HK;
				ENABLE_PREVIEWS = YES;
				GENERATE_INFOPLIST_FILE = YES;
				INFOPLIST_KEY_UIApplicationSceneManifest_Generation = YES;
				INFOPLIST_KEY_UIApplicationSupportsIndirectInputEvents = YES;
				INFOPLIST_KEY_UILaunchScreen_Generation = YES;
				INFOPLIST_KEY_UISupportedInterfaceOrientations_iPad = "UIInterfaceOrientationPortrait UIInterfaceOrientationPortraitUpsideDown UIInterfaceOrientationLandscapeLeft UIInterfaceOrientationLandscapeRight";
				INFOPLIST_KEY_UISupportedInterfaceOrientations_iPhone = "UIInterfaceOrientationPortrait UIInterfaceOrientationLandscapeLeft UIInterfaceOrientationLandscapeRight";
				LD_RUNPATH_SEARCH_PATHS = (
					"$(inherited)",
					"@executable_path/Frameworks",
				);
				MARKETING_VERSION = 1.0;
				PRODUCT_BUNDLE_IDENTIFIER = io.didevanberkel.Places;
				PRODUCT_NAME = "$(TARGET_NAME)";
				SWIFT_EMIT_LOC_STRINGS = YES;
				SWIFT_VERSION = 5.0;
				TARGETED_DEVICE_FAMILY = "1,2";
			};
			name = Release;
		};
		AAD8BB252AE944FA008FE3D7 /* Debug */ = {
			isa = XCBuildConfiguration;
			buildSettings = {
				ALWAYS_EMBED_SWIFT_STANDARD_LIBRARIES = YES;
				BUNDLE_LOADER = "$(TEST_HOST)";
				CODE_SIGN_STYLE = Automatic;
				CURRENT_PROJECT_VERSION = 1;
				DEVELOPMENT_TEAM = 6M7C6U48HK;
				GENERATE_INFOPLIST_FILE = YES;
				IPHONEOS_DEPLOYMENT_TARGET = 17.0;
				MARKETING_VERSION = 1.0;
				PRODUCT_BUNDLE_IDENTIFIER = io.didevanberkel.PlacesTests;
				PRODUCT_NAME = "$(TARGET_NAME)";
				SWIFT_EMIT_LOC_STRINGS = NO;
				SWIFT_VERSION = 5.0;
				TARGETED_DEVICE_FAMILY = "1,2";
				TEST_HOST = "$(BUILT_PRODUCTS_DIR)/Places.app/$(BUNDLE_EXECUTABLE_FOLDER_PATH)/Places";
			};
			name = Debug;
		};
		AAD8BB262AE944FA008FE3D7 /* Release */ = {
			isa = XCBuildConfiguration;
			buildSettings = {
				ALWAYS_EMBED_SWIFT_STANDARD_LIBRARIES = YES;
				BUNDLE_LOADER = "$(TEST_HOST)";
				CODE_SIGN_STYLE = Automatic;
				CURRENT_PROJECT_VERSION = 1;
				DEVELOPMENT_TEAM = 6M7C6U48HK;
				GENERATE_INFOPLIST_FILE = YES;
				IPHONEOS_DEPLOYMENT_TARGET = 17.0;
				MARKETING_VERSION = 1.0;
				PRODUCT_BUNDLE_IDENTIFIER = io.didevanberkel.PlacesTests;
				PRODUCT_NAME = "$(TARGET_NAME)";
				SWIFT_EMIT_LOC_STRINGS = NO;
				SWIFT_VERSION = 5.0;
				TARGETED_DEVICE_FAMILY = "1,2";
				TEST_HOST = "$(BUILT_PRODUCTS_DIR)/Places.app/$(BUNDLE_EXECUTABLE_FOLDER_PATH)/Places";
			};
			name = Release;
		};
		AAD8BB282AE944FA008FE3D7 /* Debug */ = {
			isa = XCBuildConfiguration;
			buildSettings = {
				ALWAYS_EMBED_SWIFT_STANDARD_LIBRARIES = YES;
				CODE_SIGN_STYLE = Automatic;
				CURRENT_PROJECT_VERSION = 1;
				DEVELOPMENT_TEAM = 6M7C6U48HK;
				GENERATE_INFOPLIST_FILE = YES;
				MARKETING_VERSION = 1.0;
				PRODUCT_BUNDLE_IDENTIFIER = io.didevanberkel.PlacesUITests;
				PRODUCT_NAME = "$(TARGET_NAME)";
				SWIFT_EMIT_LOC_STRINGS = NO;
				SWIFT_VERSION = 5.0;
				TARGETED_DEVICE_FAMILY = "1,2";
				TEST_TARGET_NAME = Places;
			};
			name = Debug;
		};
		AAD8BB292AE944FA008FE3D7 /* Release */ = {
			isa = XCBuildConfiguration;
			buildSettings = {
				ALWAYS_EMBED_SWIFT_STANDARD_LIBRARIES = YES;
				CODE_SIGN_STYLE = Automatic;
				CURRENT_PROJECT_VERSION = 1;
				DEVELOPMENT_TEAM = 6M7C6U48HK;
				GENERATE_INFOPLIST_FILE = YES;
				MARKETING_VERSION = 1.0;
				PRODUCT_BUNDLE_IDENTIFIER = io.didevanberkel.PlacesUITests;
				PRODUCT_NAME = "$(TARGET_NAME)";
				SWIFT_EMIT_LOC_STRINGS = NO;
				SWIFT_VERSION = 5.0;
				TARGETED_DEVICE_FAMILY = "1,2";
				TEST_TARGET_NAME = Places;
			};
			name = Release;
		};
/* End XCBuildConfiguration section */

/* Begin XCConfigurationList section */
		AAD8BAF82AE944F7008FE3D7 /* Build configuration list for PBXProject "Places" */ = {
			isa = XCConfigurationList;
			buildConfigurations = (
				AAD8BB1F2AE944FA008FE3D7 /* Debug */,
				AAD8BB202AE944FA008FE3D7 /* Release */,
			);
			defaultConfigurationIsVisible = 0;
			defaultConfigurationName = Release;
		};
		AAD8BB212AE944FA008FE3D7 /* Build configuration list for PBXNativeTarget "Places" */ = {
			isa = XCConfigurationList;
			buildConfigurations = (
				AAD8BB222AE944FA008FE3D7 /* Debug */,
				AAD8BB232AE944FA008FE3D7 /* Release */,
			);
			defaultConfigurationIsVisible = 0;
			defaultConfigurationName = Release;
		};
		AAD8BB242AE944FA008FE3D7 /* Build configuration list for PBXNativeTarget "PlacesTests" */ = {
			isa = XCConfigurationList;
			buildConfigurations = (
				AAD8BB252AE944FA008FE3D7 /* Debug */,
				AAD8BB262AE944FA008FE3D7 /* Release */,
			);
			defaultConfigurationIsVisible = 0;
			defaultConfigurationName = Release;
		};
		AAD8BB272AE944FA008FE3D7 /* Build configuration list for PBXNativeTarget "PlacesUITests" */ = {
			isa = XCConfigurationList;
			buildConfigurations = (
				AAD8BB282AE944FA008FE3D7 /* Debug */,
				AAD8BB292AE944FA008FE3D7 /* Release */,
			);
			defaultConfigurationIsVisible = 0;
			defaultConfigurationName = Release;
		};
/* End XCConfigurationList section */
	};
	rootObject = AAD8BAF52AE944F7008FE3D7 /* Project object */;
}
